
Microsoft Visual Studio Solution File, Format Version 12.00
# Visual Studio Version 17
VisualStudioVersion = 17.8.34511.84
MinimumVisualStudioVersion = 10.0.40219.1
Project("{FAE04EC0-301F-11D3-BF4B-00C04F79EFBC}") = "DesignProjectGit", "DesignProjectGit\DesignProjectGit.csproj", "{67D43CBB-2B67-4F9E-B10F-E554E531E874}"
EndProject
Global
	GlobalSection(SolutionConfigurationPlatforms) = preSolution
		Debug|Any CPU = Debug|Any CPU
		Release|Any CPU = Release|Any CPU
	EndGlobalSection
	GlobalSection(ProjectConfigurationPlatforms) = postSolution
		{67D43CBB-2B67-4F9E-B10F-E554E531E874}.Debug|Any CPU.ActiveCfg = Debug|Any CPU
		{67D43CBB-2B67-4F9E-B10F-E554E531E874}.Debug|Any CPU.Build.0 = Debug|Any CPU
		{67D43CBB-2B67-4F9E-B10F-E554E531E874}.Release|Any CPU.ActiveCfg = Release|Any CPU
		{67D43CBB-2B67-4F9E-B10F-E554E531E874}.Release|Any CPU.Build.0 = Release|Any CPU
	EndGlobalSection
	GlobalSection(SolutionProperties) = preSolution
		HideSolutionNode = FALSE
	EndGlobalSection
	GlobalSection(ExtensibilityGlobals) = postSolution
		SolutionGuid = {0CFD9DDC-D6B5-47BF-A96E-797147F28172}
	EndGlobalSection
EndGlobal
